
Microsoft Visual Studio Solution File, Format Version 12.00
# Visual Studio Version 17
VisualStudioVersion = 17.7.34031.279
MinimumVisualStudioVersion = 10.0.40219.1
Project("{FAE04EC0-301F-11D3-BF4B-00C04F79EFBC}") = "WhisperTranslate.API", "WhisperTranslate.API\WhisperTranslate.API.csproj", "{F8F33640-F3B9-4E9B-BF6C-879C64254983}"
EndProject
Project("{FAE04EC0-301F-11D3-BF4B-00C04F79EFBC}") = "WhisperTranslate.Mobile", "WhisperTranslate.Mobile\WhisperTranslate.Mobile.csproj", "{52844C4B-BC6D-453D-BDA5-87BDAEB2111E}"
EndProject
Global
	GlobalSection(SolutionConfigurationPlatforms) = preSolution
		Debug|Any CPU = Debug|Any CPU
		Release|Any CPU = Release|Any CPU
	EndGlobalSection
	GlobalSection(ProjectConfigurationPlatforms) = postSolution
		{F8F33640-F3B9-4E9B-BF6C-879C64254983}.Debug|Any CPU.ActiveCfg = Debug|Any CPU
		{F8F33640-F3B9-4E9B-BF6C-879C64254983}.Debug|Any CPU.Build.0 = Debug|Any CPU
		{F8F33640-F3B9-4E9B-BF6C-879C64254983}.Release|Any CPU.ActiveCfg = Release|Any CPU
		{F8F33640-F3B9-4E9B-BF6C-879C64254983}.Release|Any CPU.Build.0 = Release|Any CPU
		{52844C4B-BC6D-453D-BDA5-87BDAEB2111E}.Debug|Any CPU.ActiveCfg = Debug|Any CPU
		{52844C4B-BC6D-453D-BDA5-87BDAEB2111E}.Debug|Any CPU.Build.0 = Debug|Any CPU
		{52844C4B-BC6D-453D-BDA5-87BDAEB2111E}.Debug|Any CPU.Deploy.0 = Debug|Any CPU
		{52844C4B-BC6D-453D-BDA5-87BDAEB2111E}.Release|Any CPU.ActiveCfg = Release|Any CPU
		{52844C4B-BC6D-453D-BDA5-87BDAEB2111E}.Release|Any CPU.Build.0 = Release|Any CPU
		{52844C4B-BC6D-453D-BDA5-87BDAEB2111E}.Release|Any CPU.Deploy.0 = Release|Any CPU
	EndGlobalSection
	GlobalSection(SolutionProperties) = preSolution
		HideSolutionNode = FALSE
	EndGlobalSection
	GlobalSection(ExtensibilityGlobals) = postSolution
		SolutionGuid = {E3A2C823-53EA-4492-85EC-6E94A32693FB}
	EndGlobalSection
EndGlobal
